// !$*UTF8*$!
{
	archiveVersion = 1;
	classes = {
	};
	objectVersion = 50;
	objects = {

/* Begin PBXBuildFile section */
		9A0947AD28BF0DA30011ACFC /* AppDelegate.swift in Sources */ = {isa = PBXBuildFile; fileRef = 9A0947AC28BF0DA30011ACFC /* AppDelegate.swift */; };
		9A0947AF28BF0DA30011ACFC /* ViewController.swift in Sources */ = {isa = PBXBuildFile; fileRef = 9A0947AE28BF0DA30011ACFC /* ViewController.swift */; };
		9A0947B228BF0DA30011ACFC /* Main.storyboard in Resources */ = {isa = PBXBuildFile; fileRef = 9A0947B028BF0DA30011ACFC /* Main.storyboard */; };
		9A0947B428BF0DA40011ACFC /* Assets.xcassets in Resources */ = {isa = PBXBuildFile; fileRef = 9A0947B328BF0DA40011ACFC /* Assets.xcassets */; };
		9A0947B728BF0DA40011ACFC /* LaunchScreen.storyboard in Resources */ = {isa = PBXBuildFile; fileRef = 9A0947B528BF0DA40011ACFC /* LaunchScreen.storyboard */; };
		9A0947C228BF0DA40011ACFC /* newTipCalculatorTests.swift in Sources */ = {isa = PBXBuildFile; fileRef = 9A0947C128BF0DA40011ACFC /* newTipCalculatorTests.swift */; };
		9A0947CD28BF0DA40011ACFC /* newTipCalculatorUITests.swift in Sources */ = {isa = PBXBuildFile; fileRef = 9A0947CC28BF0DA40011ACFC /* newTipCalculatorUITests.swift */; };
/* End PBXBuildFile section */

/* Begin PBXContainerItemProxy section */
		9A0947BE28BF0DA40011ACFC /* PBXContainerItemProxy */ = {
			isa = PBXContainerItemProxy;
			containerPortal = 9A0947A128BF0DA30011ACFC /* Project object */;
			proxyType = 1;
			remoteGlobalIDString = 9A0947A828BF0DA30011ACFC;
			remoteInfo = newTipCalculator;
		};
		9A0947C928BF0DA40011ACFC /* PBXContainerItemProxy */ = {
			isa = PBXContainerItemProxy;
			containerPortal = 9A0947A128BF0DA30011ACFC /* Project object */;
			proxyType = 1;
			remoteGlobalIDString = 9A0947A828BF0DA30011ACFC;
			remoteInfo = newTipCalculator;
		};
/* End PBXContainerItemProxy section */

/* Begin PBXFileReference section */
		9A0947A928BF0DA30011ACFC /* newTipCalculator.app */ = {isa = PBXFileReference; explicitFileType = wrapper.application; includeInIndex = 0; path = newTipCalculator.app; sourceTree = BUILT_PRODUCTS_DIR; };
		9A0947AC28BF0DA30011ACFC /* AppDelegate.swift */ = {isa = PBXFileReference; lastKnownFileType = sourcecode.swift; path = AppDelegate.swift; sourceTree = "<group>"; };
		9A0947AE28BF0DA30011ACFC /* ViewController.swift */ = {isa = PBXFileReference; lastKnownFileType = sourcecode.swift; path = ViewController.swift; sourceTree = "<group>"; };
		9A0947B128BF0DA30011ACFC /* Base */ = {isa = PBXFileReference; lastKnownFileType = file.storyboard; name = Base; path = Base.lproj/Main.storyboard; sourceTree = "<group>"; };
		9A0947B328BF0DA40011ACFC /* Assets.xcassets */ = {isa = PBXFileReference; lastKnownFileType = folder.assetcatalog; path = Assets.xcassets; sourceTree = "<group>"; };
		9A0947B628BF0DA40011ACFC /* Base */ = {isa = PBXFileReference; lastKnownFileType = file.storyboard; name = Base; path = Base.lproj/LaunchScreen.storyboard; sourceTree = "<group>"; };
		9A0947B828BF0DA40011ACFC /* Info.plist */ = {isa = PBXFileReference; lastKnownFileType = text.plist.xml; path = Info.plist; sourceTree = "<group>"; };
		9A0947BD28BF0DA40011ACFC /* newTipCalculatorTests.xctest */ = {isa = PBXFileReference; explicitFileType = wrapper.cfbundle; includeInIndex = 0; path = newTipCalculatorTests.xctest; sourceTree = BUILT_PRODUCTS_DIR; };
		9A0947C128BF0DA40011ACFC /* newTipCalculatorTests.swift */ = {isa = PBXFileReference; lastKnownFileType = sourcecode.swift; path = newTipCalculatorTests.swift; sourceTree = "<group>"; };
		9A0947C328BF0DA40011ACFC /* Info.plist */ = {isa = PBXFileReference; lastKnownFileType = text.plist.xml; path = Info.plist; sourceTree = "<group>"; };
		9A0947C828BF0DA40011ACFC /* newTipCalculatorUITests.xctest */ = {isa = PBXFileReference; explicitFileType = wrapper.cfbundle; includeInIndex = 0; path = newTipCalculatorUITests.xctest; sourceTree = BUILT_PRODUCTS_DIR; };
		9A0947CC28BF0DA40011ACFC /* newTipCalculatorUITests.swift */ = {isa = PBXFileReference; lastKnownFileType = sourcecode.swift; path = newTipCalculatorUITests.swift; sourceTree = "<group>"; };
		9A0947CE28BF0DA40011ACFC /* Info.plist */ = {isa = PBXFileReference; lastKnownFileType = text.plist.xml; path = Info.plist; sourceTree = "<group>"; };
/* End PBXFileReference section */

/* Begin PBXFrameworksBuildPhase section */
		9A0947A628BF0DA30011ACFC /* Frameworks */ = {
			isa = PBXFrameworksBuildPhase;
			buildActionMask = 2147483647;
			files = (
			);
			runOnlyForDeploymentPostprocessing = 0;
		};
		9A0947BA28BF0DA40011ACFC /* Frameworks */ = {
			isa = PBXFrameworksBuildPhase;
			buildActionMask = 2147483647;
			files = (
			);
			runOnlyForDeploymentPostprocessing = 0;
		};
		9A0947C528BF0DA40011ACFC /* Frameworks */ = {
			isa = PBXFrameworksBuildPhase;
			buildActionMask = 2147483647;
			files = (
			);
			runOnlyForDeploymentPostprocessing = 0;
		};
/* End PBXFrameworksBuildPhase section */

/* Begin PBXGroup section */
		9A0947A028BF0DA30011ACFC = {
			isa = PBXGroup;
			children = (
				9A0947AB28BF0DA30011ACFC /* newTipCalculator */,
				9A0947C028BF0DA40011ACFC /* newTipCalculatorTests */,
				9A0947CB28BF0DA40011ACFC /* newTipCalculatorUITests */,
				9A0947AA28BF0DA30011ACFC /* Products */,
			);
			sourceTree = "<group>";
		};
		9A0947AA28BF0DA30011ACFC /* Products */ = {
			isa = PBXGroup;
			children = (
				9A0947A928BF0DA30011ACFC /* newTipCalculator.app */,
				9A0947BD28BF0DA40011ACFC /* newTipCalculatorTests.xctest */,
				9A0947C828BF0DA40011ACFC /* newTipCalculatorUITests.xctest */,
			);
			name = Products;
			sourceTree = "<group>";
		};
		9A0947AB28BF0DA30011ACFC /* newTipCalculator */ = {
			isa = PBXGroup;
			children = (
				9A0947AC28BF0DA30011ACFC /* AppDelegate.swift */,
				9A0947AE28BF0DA30011ACFC /* ViewController.swift */,
				9A0947B028BF0DA30011ACFC /* Main.storyboard */,
				9A0947B328BF0DA40011ACFC /* Assets.xcassets */,
				9A0947B528BF0DA40011ACFC /* LaunchScreen.storyboard */,
				9A0947B828BF0DA40011ACFC /* Info.plist */,
			);
			path = newTipCalculator;
			sourceTree = "<group>";
		};
		9A0947C028BF0DA40011ACFC /* newTipCalculatorTests */ = {
			isa = PBXGroup;
			children = (
				9A0947C128BF0DA40011ACFC /* newTipCalculatorTests.swift */,
				9A0947C328BF0DA40011ACFC /* Info.plist */,
			);
			path = newTipCalculatorTests;
			sourceTree = "<group>";
		};
		9A0947CB28BF0DA40011ACFC /* newTipCalculatorUITests */ = {
			isa = PBXGroup;
			children = (
				9A0947CC28BF0DA40011ACFC /* newTipCalculatorUITests.swift */,
				9A0947CE28BF0DA40011ACFC /* Info.plist */,
			);
			path = newTipCalculatorUITests;
			sourceTree = "<group>";
		};
/* End PBXGroup section */

/* Begin PBXNativeTarget section */
		9A0947A828BF0DA30011ACFC /* newTipCalculator */ = {
			isa = PBXNativeTarget;
			buildConfigurationList = 9A0947D128BF0DA40011ACFC /* Build configuration list for PBXNativeTarget "newTipCalculator" */;
			buildPhases = (
				9A0947A528BF0DA30011ACFC /* Sources */,
				9A0947A628BF0DA30011ACFC /* Frameworks */,
				9A0947A728BF0DA30011ACFC /* Resources */,
			);
			buildRules = (
			);
			dependencies = (
			);
			name = newTipCalculator;
			productName = newTipCalculator;
			productReference = 9A0947A928BF0DA30011ACFC /* newTipCalculator.app */;
			productType = "com.apple.product-type.application";
		};
		9A0947BC28BF0DA40011ACFC /* newTipCalculatorTests */ = {
			isa = PBXNativeTarget;
			buildConfigurationList = 9A0947D428BF0DA40011ACFC /* Build configuration list for PBXNativeTarget "newTipCalculatorTests" */;
			buildPhases = (
				9A0947B928BF0DA40011ACFC /* Sources */,
				9A0947BA28BF0DA40011ACFC /* Frameworks */,
				9A0947BB28BF0DA40011ACFC /* Resources */,
			);
			buildRules = (
			);
			dependencies = (
				9A0947BF28BF0DA40011ACFC /* PBXTargetDependency */,
			);
			name = newTipCalculatorTests;
			productName = newTipCalculatorTests;
			productReference = 9A0947BD28BF0DA40011ACFC /* newTipCalculatorTests.xctest */;
			productType = "com.apple.product-type.bundle.unit-test";
		};
		9A0947C728BF0DA40011ACFC /* newTipCalculatorUITests */ = {
			isa = PBXNativeTarget;
			buildConfigurationList = 9A0947D728BF0DA40011ACFC /* Build configuration list for PBXNativeTarget "newTipCalculatorUITests" */;
			buildPhases = (
				9A0947C428BF0DA40011ACFC /* Sources */,
				9A0947C528BF0DA40011ACFC /* Frameworks */,
				9A0947C628BF0DA40011ACFC /* Resources */,
			);
			buildRules = (
			);
			dependencies = (
				9A0947CA28BF0DA40011ACFC /* PBXTargetDependency */,
			);
			name = newTipCalculatorUITests;
			productName = newTipCalculatorUITests;
			productReference = 9A0947C828BF0DA40011ACFC /* newTipCalculatorUITests.xctest */;
			productType = "com.apple.product-type.bundle.ui-testing";
		};
/* End PBXNativeTarget section */

/* Begin PBXProject section */
		9A0947A128BF0DA30011ACFC /* Project object */ = {
			isa = PBXProject;
			attributes = {
				LastSwiftUpdateCheck = 0940;
				LastUpgradeCheck = 0940;
				ORGANIZATIONNAME = "Mac Mini";
				TargetAttributes = {
					9A0947A828BF0DA30011ACFC = {
						CreatedOnToolsVersion = 9.4.1;
					};
					9A0947BC28BF0DA40011ACFC = {
						CreatedOnToolsVersion = 9.4.1;
						TestTargetID = 9A0947A828BF0DA30011ACFC;
					};
					9A0947C728BF0DA40011ACFC = {
						CreatedOnToolsVersion = 9.4.1;
						TestTargetID = 9A0947A828BF0DA30011ACFC;
					};
				};
			};
			buildConfigurationList = 9A0947A428BF0DA30011ACFC /* Build configuration list for PBXProject "newTipCalculator" */;
			compatibilityVersion = "Xcode 9.3";
			developmentRegion = en;
			hasScannedForEncodings = 0;
			knownRegions = (
				en,
				Base,
			);
			mainGroup = 9A0947A028BF0DA30011ACFC;
			productRefGroup = 9A0947AA28BF0DA30011ACFC /* Products */;
			projectDirPath = "";
			projectRoot = "";
			targets = (
				9A0947A828BF0DA30011ACFC /* newTipCalculator */,
				9A0947BC28BF0DA40011ACFC /* newTipCalculatorTests */,
				9A0947C728BF0DA40011ACFC /* newTipCalculatorUITests */,
			);
		};
/* End PBXProject section */

/* Begin PBXResourcesBuildPhase section */
		9A0947A728BF0DA30011ACFC /* Resources */ = {
			isa = PBXResourcesBuildPhase;
			buildActionMask = 2147483647;
			files = (
				9A0947B728BF0DA40011ACFC /* LaunchScreen.storyboard in Resources */,
				9A0947B428BF0DA40011ACFC /* Assets.xcassets in Resources */,
				9A0947B228BF0DA30011ACFC /* Main.storyboard in Resources */,
			);
			runOnlyForDeploymentPostprocessing = 0;
		};
		9A0947BB28BF0DA40011ACFC /* Resources */ = {
			isa = PBXResourcesBuildPhase;
			buildActionMask = 2147483647;
			files = (
			);
			runOnlyForDeploymentPostprocessing = 0;
		};
		9A0947C628BF0DA40011ACFC /* Resources */ = {
			isa = PBXResourcesBuildPhase;
			buildActionMask = 2147483647;
			files = (
			);
			runOnlyForDeploymentPostprocessing = 0;
		};
/* End PBXResourcesBuildPhase section */

/* Begin PBXSourcesBuildPhase section */
		9A0947A528BF0DA30011ACFC /* Sources */ = {
			isa = PBXSourcesBuildPhase;
			buildActionMask = 2147483647;
			files = (
				9A0947AF28BF0DA30011ACFC /* ViewController.swift in Sources */,
				9A0947AD28BF0DA30011ACFC /* AppDelegate.swift in Sources */,
			);
			runOnlyForDeploymentPostprocessing = 0;
		};
		9A0947B928BF0DA40011ACFC /* Sources */ = {
			isa = PBXSourcesBuildPhase;
			buildActionMask = 2147483647;
			files = (
				9A0947C228BF0DA40011ACFC /* newTipCalculatorTests.swift in Sources */,
			);
			runOnlyForDeploymentPostprocessing = 0;
		};
		9A0947C428BF0DA40011ACFC /* Sources */ = {
			isa = PBXSourcesBuildPhase;
			buildActionMask = 2147483647;
			files = (
				9A0947CD28BF0DA40011ACFC /* newTipCalculatorUITests.swift in Sources */,
			);
			runOnlyForDeploymentPostprocessing = 0;
		};
/* End PBXSourcesBuildPhase section */

/* Begin PBXTargetDependency section */
		9A0947BF28BF0DA40011ACFC /* PBXTargetDependency */ = {
			isa = PBXTargetDependency;
			target = 9A0947A828BF0DA30011ACFC /* newTipCalculator */;
			targetProxy = 9A0947BE28BF0DA40011ACFC /* PBXContainerItemProxy */;
		};
		9A0947CA28BF0DA40011ACFC /* PBXTargetDependency */ = {
			isa = PBXTargetDependency;
			target = 9A0947A828BF0DA30011ACFC /* newTipCalculator */;
			targetProxy = 9A0947C928BF0DA40011ACFC /* PBXContainerItemProxy */;
		};
/* End PBXTargetDependency section */

/* Begin PBXVariantGroup section */
		9A0947B028BF0DA30011ACFC /* Main.storyboard */ = {
			isa = PBXVariantGroup;
			children = (
				9A0947B128BF0DA30011ACFC /* Base */,
			);
			name = Main.storyboard;
			sourceTree = "<group>";
		};
		9A0947B528BF0DA40011ACFC /* LaunchScreen.storyboard */ = {
			isa = PBXVariantGroup;
			children = (
				9A0947B628BF0DA40011ACFC /* Base */,
			);
			name = LaunchScreen.storyboard;
			sourceTree = "<group>";
		};
/* End PBXVariantGroup section */

/* Begin XCBuildConfiguration section */
		9A0947CF28BF0DA40011ACFC /* Debug */ = {
			isa = XCBuildConfiguration;
			buildSettings = {
				ALWAYS_SEARCH_USER_PATHS = NO;
				CLANG_ANALYZER_NONNULL = YES;
				CLANG_ANALYZER_NUMBER_OBJECT_CONVERSION = YES_AGGRESSIVE;
				CLANG_CXX_LANGUAGE_STANDARD = "gnu++14";
				CLANG_CXX_LIBRARY = "libc++";
				CLANG_ENABLE_MODULES = YES;
				CLANG_ENABLE_OBJC_ARC = YES;
				CLANG_ENABLE_OBJC_WEAK = YES;
				CLANG_WARN_BLOCK_CAPTURE_AUTORELEASING = YES;
				CLANG_WARN_BOOL_CONVERSION = YES;
				CLANG_WARN_COMMA = YES;
				CLANG_WARN_CONSTANT_CONVERSION = YES;
				CLANG_WARN_DEPRECATED_OBJC_IMPLEMENTATIONS = YES;
				CLANG_WARN_DIRECT_OBJC_ISA_USAGE = YES_ERROR;
				CLANG_WARN_DOCUMENTATION_COMMENTS = YES;
				CLANG_WARN_EMPTY_BODY = YES;
				CLANG_WARN_ENUM_CONVERSION = YES;
				CLANG_WARN_INFINITE_RECURSION = YES;
				CLANG_WARN_INT_CONVERSION = YES;
				CLANG_WARN_NON_LITERAL_NULL_CONVERSION = YES;
				CLANG_WARN_OBJC_IMPLICIT_RETAIN_SELF = YES;
				CLANG_WARN_OBJC_LITERAL_CONVERSION = YES;
				CLANG_WARN_OBJC_ROOT_CLASS = YES_ERROR;
				CLANG_WARN_RANGE_LOOP_ANALYSIS = YES;
				CLANG_WARN_STRICT_PROTOTYPES = YES;
				CLANG_WARN_SUSPICIOUS_MOVE = YES;
				CLANG_WARN_UNGUARDED_AVAILABILITY = YES_AGGRESSIVE;
				CLANG_WARN_UNREACHABLE_CODE = YES;
				CLANG_WARN__DUPLICATE_METHOD_MATCH = YES;
				CODE_SIGN_IDENTITY = "iPhone Developer";
				COPY_PHASE_STRIP = NO;
				DEBUG_INFORMATION_FORMAT = dwarf;
				ENABLE_STRICT_OBJC_MSGSEND = YES;
				ENABLE_TESTABILITY = YES;
				GCC_C_LANGUAGE_STANDARD = gnu11;
				GCC_DYNAMIC_NO_PIC = NO;
				GCC_NO_COMMON_BLOCKS = YES;
				GCC_OPTIMIZATION_LEVEL = 0;
				GCC_PREPROCESSOR_DEFINITIONS = (
					"DEBUG=1",
					"$(inherited)",
				);
				GCC_WARN_64_TO_32_BIT_CONVERSION = YES;
				GCC_WARN_ABOUT_RETURN_TYPE = YES_ERROR;
				GCC_WARN_UNDECLARED_SELECTOR = YES;
				GCC_WARN_UNINITIALIZED_AUTOS = YES_AGGRESSIVE;
				GCC_WARN_UNUSED_FUNCTION = YES;
				GCC_WARN_UNUSED_VARIABLE = YES;
				IPHONEOS_DEPLOYMENT_TARGET = 11.4;
				MTL_ENABLE_DEBUG_INFO = YES;
				ONLY_ACTIVE_ARCH = YES;
				SDKROOT = iphoneos;
				SWIFT_ACTIVE_COMPILATION_CONDITIONS = DEBUG;
				SWIFT_OPTIMIZATION_LEVEL = "-Onone";
			};
			name = Debug;
		};
		9A0947D028BF0DA40011ACFC /* Release */ = {
			isa = XCBuildConfiguration;
			buildSettings = {
				ALWAYS_SEARCH_USER_PATHS = NO;
				CLANG_ANALYZER_NONNULL = YES;
				CLANG_ANALYZER_NUMBER_OBJECT_CONVERSION = YES_AGGRESSIVE;
				CLANG_CXX_LANGUAGE_STANDARD = "gnu++14";
				CLANG_CXX_LIBRARY = "libc++";
				CLANG_ENABLE_MODULES = YES;
				CLANG_ENABLE_OBJC_ARC = YES;
				CLANG_ENABLE_OBJC_WEAK = YES;
				CLANG_WARN_BLOCK_CAPTURE_AUTORELEASING = YES;
				CLANG_WARN_BOOL_CONVERSION = YES;
				CLANG_WARN_COMMA = YES;
				CLANG_WARN_CONSTANT_CONVERSION = YES;
				CLANG_WARN_DEPRECATED_OBJC_IMPLEMENTATIONS = YES;
				CLANG_WARN_DIRECT_OBJC_ISA_USAGE = YES_ERROR;
				CLANG_WARN_DOCUMENTATION_COMMENTS = YES;
				CLANG_WARN_EMPTY_BODY = YES;
				CLANG_WARN_ENUM_CONVERSION = YES;
				CLANG_WARN_INFINITE_RECURSION = YES;
				CLANG_WARN_INT_CONVERSION = YES;
				CLANG_WARN_NON_LITERAL_NULL_CONVERSION = YES;
				CLANG_WARN_OBJC_IMPLICIT_RETAIN_SELF = YES;
				CLANG_WARN_OBJC_LITERAL_CONVERSION = YES;
				CLANG_WARN_OBJC_ROOT_CLASS = YES_ERROR;
				CLANG_WARN_RANGE_LOOP_ANALYSIS = YES;
				CLANG_WARN_STRICT_PROTOTYPES = YES;
				CLANG_WARN_SUSPICIOUS_MOVE = YES;
				CLANG_WARN_UNGUARDED_AVAILABILITY = YES_AGGRESSIVE;
				CLANG_WARN_UNREACHABLE_CODE = YES;
				CLANG_WARN__DUPLICATE_METHOD_MATCH = YES;
				CODE_SIGN_IDENTITY = "iPhone Developer";
				COPY_PHASE_STRIP = NO;
				DEBUG_INFORMATION_FORMAT = "dwarf-with-dsym";
				ENABLE_NS_ASSERTIONS = NO;
				ENABLE_STRICT_OBJC_MSGSEND = YES;
				GCC_C_LANGUAGE_STANDARD = gnu11;
				GCC_NO_COMMON_BLOCKS = YES;
				GCC_WARN_64_TO_32_BIT_CONVERSION = YES;
				GCC_WARN_ABOUT_RETURN_TYPE = YES_ERROR;
				GCC_WARN_UNDECLARED_SELECTOR = YES;
				GCC_WARN_UNINITIALIZED_AUTOS = YES_AGGRESSIVE;
				GCC_WARN_UNUSED_FUNCTION = YES;
				GCC_WARN_UNUSED_VARIABLE = YES;
				IPHONEOS_DEPLOYMENT_TARGET = 11.4;
				MTL_ENABLE_DEBUG_INFO = NO;
				SDKROOT = iphoneos;
				SWIFT_COMPILATION_MODE = wholemodule;
				SWIFT_OPTIMIZATION_LEVEL = "-O";
				VALIDATE_PRODUCT = YES;
			};
			name = Release;
		};
		9A0947D228BF0DA40011ACFC /* Debug */ = {
			isa = XCBuildConfiguration;
			buildSettings = {
				ASSETCATALOG_COMPILER_APPICON_NAME = AppIcon;
				CODE_SIGN_STYLE = Automatic;
				DEVELOPMENT_TEAM = AS2L6N98XR;
				INFOPLIST_FILE = newTipCalculator/Info.plist;
				LD_RUNPATH_SEARCH_PATHS = (
					"$(inherited)",
					"@executable_path/Frameworks",
				);
				PRODUCT_BUNDLE_IDENTIFIER = github.newTipCalculator;
				PRODUCT_NAME = "$(TARGET_NAME)";
				SWIFT_VERSION = 4.0;
				TARGETED_DEVICE_FAMILY = "1,2";
			};
			name = Debug;
		};
		9A0947D328BF0DA40011ACFC /* Release */ = {
			isa = XCBuildConfiguration;
			buildSettings = {
				ASSETCATALOG_COMPILER_APPICON_NAME = AppIcon;
				CODE_SIGN_STYLE = Automatic;
				DEVELOPMENT_TEAM = AS2L6N98XR;
				INFOPLIST_FILE = newTipCalculator/Info.plist;
				LD_RUNPATH_SEARCH_PATHS = (
					"$(inherited)",
					"@executable_path/Frameworks",
				);
				PRODUCT_BUNDLE_IDENTIFIER = github.newTipCalculator;
				PRODUCT_NAME = "$(TARGET_NAME)";
				SWIFT_VERSION = 4.0;
				TARGETED_DEVICE_FAMILY = "1,2";
			};
			name = Release;
		};
		9A0947D528BF0DA40011ACFC /* Debug */ = {
			isa = XCBuildConfiguration;
			buildSettings = {
				ALWAYS_EMBED_SWIFT_STANDARD_LIBRARIES = YES;
				BUNDLE_LOADER = "$(TEST_HOST)";
				CODE_SIGN_STYLE = Automatic;
				DEVELOPMENT_TEAM = AS2L6N98XR;
				INFOPLIST_FILE = newTipCalculatorTests/Info.plist;
				LD_RUNPATH_SEARCH_PATHS = (
					"$(inherited)",
					"@executable_path/Frameworks",
					"@loader_path/Frameworks",
				);
				PRODUCT_BUNDLE_IDENTIFIER = github.newTipCalculatorTests;
				PRODUCT_NAME = "$(TARGET_NAME)";
				SWIFT_VERSION = 4.0;
				TARGETED_DEVICE_FAMILY = "1,2";
				TEST_HOST = "$(BUILT_PRODUCTS_DIR)/newTipCalculator.app/newTipCalculator";
			};
			name = Debug;
		};
		9A0947D628BF0DA40011ACFC /* Release */ = {
			isa = XCBuildConfiguration;
			buildSettings = {
				ALWAYS_EMBED_SWIFT_STANDARD_LIBRARIES = YES;
				BUNDLE_LOADER = "$(TEST_HOST)";
				CODE_SIGN_STYLE = Automatic;
				DEVELOPMENT_TEAM = AS2L6N98XR;
				INFOPLIST_FILE = newTipCalculatorTests/Info.plist;
				LD_RUNPATH_SEARCH_PATHS = (
					"$(inherited)",
					"@executable_path/Frameworks",
					"@loader_path/Frameworks",
				);
				PRODUCT_BUNDLE_IDENTIFIER = github.newTipCalculatorTests;
				PRODUCT_NAME = "$(TARGET_NAME)";
				SWIFT_VERSION = 4.0;
				TARGETED_DEVICE_FAMILY = "1,2";
				TEST_HOST = "$(BUILT_PRODUCTS_DIR)/newTipCalculator.app/newTipCalculator";
			};
			name = Release;
		};
		9A0947D828BF0DA40011ACFC /* Debug */ = {
			isa = XCBuildConfiguration;
			buildSettings = {
				ALWAYS_EMBED_SWIFT_STANDARD_LIBRARIES = YES;
				CODE_SIGN_STYLE = Automatic;
				DEVELOPMENT_TEAM = AS2L6N98XR;
				INFOPLIST_FILE = newTipCalculatorUITests/Info.plist;
				LD_RUNPATH_SEARCH_PATHS = (
					"$(inherited)",
					"@executable_path/Frameworks",
					"@loader_path/Frameworks",
				);
				PRODUCT_BUNDLE_IDENTIFIER = github.newTipCalculatorUITests;
				PRODUCT_NAME = "$(TARGET_NAME)";
				SWIFT_VERSION = 4.0;
				TARGETED_DEVICE_FAMILY = "1,2";
				TEST_TARGET_NAME = newTipCalculator;
			};
			name = Debug;
		};
		9A0947D928BF0DA40011ACFC /* Release */ = {
			isa = XCBuildConfiguration;
			buildSettings = {
				ALWAYS_EMBED_SWIFT_STANDARD_LIBRARIES = YES;
				CODE_SIGN_STYLE = Automatic;
				DEVELOPMENT_TEAM = AS2L6N98XR;
				INFOPLIST_FILE = newTipCalculatorUITests/Info.plist;
				LD_RUNPATH_SEARCH_PATHS = (
					"$(inherited)",
					"@executable_path/Frameworks",
					"@loader_path/Frameworks",
				);
				PRODUCT_BUNDLE_IDENTIFIER = github.newTipCalculatorUITests;
				PRODUCT_NAME = "$(TARGET_NAME)";
				SWIFT_VERSION = 4.0;
				TARGETED_DEVICE_FAMILY = "1,2";
				TEST_TARGET_NAME = newTipCalculator;
			};
			name = Release;
		};
/* End XCBuildConfiguration section */

/* Begin XCConfigurationList section */
		9A0947A428BF0DA30011ACFC /* Build configuration list for PBXProject "newTipCalculator" */ = {
			isa = XCConfigurationList;
			buildConfigurations = (
				9A0947CF28BF0DA40011ACFC /* Debug */,
				9A0947D028BF0DA40011ACFC /* Release */,
			);
			defaultConfigurationIsVisible = 0;
			defaultConfigurationName = Release;
		};
		9A0947D128BF0DA40011ACFC /* Build configuration list for PBXNativeTarget "newTipCalculator" */ = {
			isa = XCConfigurationList;
			buildConfigurations = (
				9A0947D228BF0DA40011ACFC /* Debug */,
				9A0947D328BF0DA40011ACFC /* Release */,
			);
			defaultConfigurationIsVisible = 0;
			defaultConfigurationName = Release;
		};
		9A0947D428BF0DA40011ACFC /* Build configuration list for PBXNativeTarget "newTipCalculatorTests" */ = {
			isa = XCConfigurationList;
			buildConfigurations = (
				9A0947D528BF0DA40011ACFC /* Debug */,
				9A0947D628BF0DA40011ACFC /* Release */,
			);
			defaultConfigurationIsVisible = 0;
			defaultConfigurationName = Release;
		};
		9A0947D728BF0DA40011ACFC /* Build configuration list for PBXNativeTarget "newTipCalculatorUITests" */ = {
			isa = XCConfigurationList;
			buildConfigurations = (
				9A0947D828BF0DA40011ACFC /* Debug */,
				9A0947D928BF0DA40011ACFC /* Release */,
			);
			defaultConfigurationIsVisible = 0;
			defaultConfigurationName = Release;
		};
/* End XCConfigurationList section */
	};
	rootObject = 9A0947A128BF0DA30011ACFC /* Project object */;
}
